
Microsoft Visual Studio Solution File, Format Version 12.00
# Visual Studio 15
VisualStudioVersion = 15.0.28307.438
MinimumVisualStudioVersion = 10.0.40219.1
Project("{FAE04EC0-301F-11D3-BF4B-00C04F79EFBC}") = "ServiceReservasi_091", "ServiceReservasi_091\ServiceReservasi_091.csproj", "{B41C7511-DA1A-48C0-A94C-5C210B827AA6}"
EndProject
Global
	GlobalSection(SolutionConfigurationPlatforms) = preSolution
		Debug|Any CPU = Debug|Any CPU
		Release|Any CPU = Release|Any CPU
	EndGlobalSection
	GlobalSection(ProjectConfigurationPlatforms) = postSolution
		{B41C7511-DA1A-48C0-A94C-5C210B827AA6}.Debug|Any CPU.ActiveCfg = Debug|Any CPU
		{B41C7511-DA1A-48C0-A94C-5C210B827AA6}.Debug|Any CPU.Build.0 = Debug|Any CPU
		{B41C7511-DA1A-48C0-A94C-5C210B827AA6}.Release|Any CPU.ActiveCfg = Release|Any CPU
		{B41C7511-DA1A-48C0-A94C-5C210B827AA6}.Release|Any CPU.Build.0 = Release|Any CPU
	EndGlobalSection
	GlobalSection(SolutionProperties) = preSolution
		HideSolutionNode = FALSE
	EndGlobalSection
	GlobalSection(ExtensibilityGlobals) = postSolution
		SolutionGuid = {D80507FF-B7EB-4CB1-91B6-F34E4B2D30A3}
	EndGlobalSection
EndGlobal
